
Microsoft Visual Studio Solution File, Format Version 12.00
# Visual Studio 14
VisualStudioVersion = 14.0.23107.0
MinimumVisualStudioVersion = 10.0.40219.1
Project("{FAE04EC0-301F-11D3-BF4B-00C04F79EFBC}") = "Oxygenize.Test", "Oxygenize.Test\Oxygenize.Test.csproj", "{BE144422-AC05-4371-8677-9CF296FF59A3}"
EndProject
Project("{FAE04EC0-301F-11D3-BF4B-00C04F79EFBC}") = "Oxygenize", "Oxygenize\Oxygenize.csproj", "{4EDF4EEA-CC6F-4D91-A2BF-C5315ABF240C}"
EndProject
Global
	GlobalSection(SolutionConfigurationPlatforms) = preSolution
		Debug|Any CPU = Debug|Any CPU
		Release|Any CPU = Release|Any CPU
	EndGlobalSection
	GlobalSection(ProjectConfigurationPlatforms) = postSolution
		{BE144422-AC05-4371-8677-9CF296FF59A3}.Debug|Any CPU.ActiveCfg = Debug|Any CPU
		{BE144422-AC05-4371-8677-9CF296FF59A3}.Debug|Any CPU.Build.0 = Debug|Any CPU
		{BE144422-AC05-4371-8677-9CF296FF59A3}.Release|Any CPU.ActiveCfg = Release|Any CPU
		{BE144422-AC05-4371-8677-9CF296FF59A3}.Release|Any CPU.Build.0 = Release|Any CPU
		{4EDF4EEA-CC6F-4D91-A2BF-C5315ABF240C}.Debug|Any CPU.ActiveCfg = Debug|Any CPU
		{4EDF4EEA-CC6F-4D91-A2BF-C5315ABF240C}.Debug|Any CPU.Build.0 = Debug|Any CPU
		{4EDF4EEA-CC6F-4D91-A2BF-C5315ABF240C}.Release|Any CPU.ActiveCfg = Release|Any CPU
		{4EDF4EEA-CC6F-4D91-A2BF-C5315ABF240C}.Release|Any CPU.Build.0 = Release|Any CPU
	EndGlobalSection
	GlobalSection(SolutionProperties) = preSolution
		HideSolutionNode = FALSE
	EndGlobalSection
EndGlobal
